// !$*UTF8*$!
{
	archiveVersion = 1;
	classes = {
	};
	objectVersion = 56;
	objects = {

/* Begin PBXBuildFile section */
		202B980F29A921F00039ED62 /* AccountSummaryCell.swift in Sources */ = {isa = PBXBuildFile; fileRef = 202B980E29A921F00039ED62 /* AccountSummaryCell.swift */; };
		20491FE629A3CBA9007B44A8 /* AppDelegate.swift in Sources */ = {isa = PBXBuildFile; fileRef = 20491FE529A3CBA9007B44A8 /* AppDelegate.swift */; };
		20491FEA29A3CBA9007B44A8 /* LoginViewController.swift in Sources */ = {isa = PBXBuildFile; fileRef = 20491FE929A3CBA9007B44A8 /* LoginViewController.swift */; };
		20491FEF29A3CBAA007B44A8 /* Assets.xcassets in Resources */ = {isa = PBXBuildFile; fileRef = 20491FEE29A3CBAA007B44A8 /* Assets.xcassets */; };
		20491FF229A3CBAA007B44A8 /* LaunchScreen.storyboard in Resources */ = {isa = PBXBuildFile; fileRef = 20491FF029A3CBAA007B44A8 /* LaunchScreen.storyboard */; };
		20491FFD29A3D5F3007B44A8 /* LoginView.swift in Sources */ = {isa = PBXBuildFile; fileRef = 20491FFC29A3D5F3007B44A8 /* LoginView.swift */; };
		2071B00A29A520E7004A9118 /* OnboardingViewController.swift in Sources */ = {isa = PBXBuildFile; fileRef = 2071B00929A520E7004A9118 /* OnboardingViewController.swift */; };
		2071B00C29A666A6004A9118 /* DummyViewController.swift in Sources */ = {isa = PBXBuildFile; fileRef = 2071B00B29A666A6004A9118 /* DummyViewController.swift */; };
		2071B00F29A676BB004A9118 /* LocalState.swift in Sources */ = {isa = PBXBuildFile; fileRef = 2071B00E29A676BB004A9118 /* LocalState.swift */; };
		2071B01129A6A924004A9118 /* UIViewController+Utils.swift in Sources */ = {isa = PBXBuildFile; fileRef = 2071B01029A6A924004A9118 /* UIViewController+Utils.swift */; };
		2071B01329A6AA8C004A9118 /* MainViewController.swift in Sources */ = {isa = PBXBuildFile; fileRef = 2071B01229A6AA8C004A9118 /* MainViewController.swift */; };
		2088F77A29AE58FE0028CCF9 /* ShakeyBellView.swift in Sources */ = {isa = PBXBuildFile; fileRef = 2088F77929AE58FE0028CCF9 /* ShakeyBellView.swift */; };
		209B80CE29ABD56000E4EEAF /* Decimal+Utils.swift in Sources */ = {isa = PBXBuildFile; fileRef = 209B80CD29ABD56000E4EEAF /* Decimal+Utils.swift */; };
		209B80D029ABD5BF00E4EEAF /* CurrencyFormatter.swift in Sources */ = {isa = PBXBuildFile; fileRef = 209B80CF29ABD5BF00E4EEAF /* CurrencyFormatter.swift */; };
		20A24C8B29B189C7009E33EA /* GoogleService-Info.plist in Resources */ = {isa = PBXBuildFile; fileRef = 20A24C8A29B189C7009E33EA /* GoogleService-Info.plist */; };
		20A24C8E29B18AF6009E33EA /* FirebaseAuth in Frameworks */ = {isa = PBXBuildFile; productRef = 20A24C8D29B18AF6009E33EA /* FirebaseAuth */; };
		20A24C9029B18AF6009E33EA /* FirebaseFirestore in Frameworks */ = {isa = PBXBuildFile; productRef = 20A24C8F29B18AF6009E33EA /* FirebaseFirestore */; };
		20A286A729A44A7400973A8F /* OnboardingContainerViewController.swift in Sources */ = {isa = PBXBuildFile; fileRef = 20A286A629A44A7400973A8F /* OnboardingContainerViewController.swift */; };
		20B9398529AC178E006ADA97 /* CurrencyFormatterTests.swift in Sources */ = {isa = PBXBuildFile; fileRef = 20B9398429AC178E006ADA97 /* CurrencyFormatterTests.swift */; };
		20BA502D29A7FFF5002BE657 /* AccountSummaryViewController.swift in Sources */ = {isa = PBXBuildFile; fileRef = 20BA502C29A7FFF5002BE657 /* AccountSummaryViewController.swift */; };
		20BA502F29A8056F002BE657 /* AccountSummaryHeaderView.swift in Sources */ = {isa = PBXBuildFile; fileRef = 20BA502E29A8056F002BE657 /* AccountSummaryHeaderView.swift */; };
		20BA503129A805B6002BE657 /* AccountSummaryHeaderView.xib in Resources */ = {isa = PBXBuildFile; fileRef = 20BA503029A805B6002BE657 /* AccountSummaryHeaderView.xib */; };
		20C2E54D29AFB02F000358BD /* SkeletonLoadable.swift in Sources */ = {isa = PBXBuildFile; fileRef = 20C2E54C29AFB02F000358BD /* SkeletonLoadable.swift */; };
		20C2E54F29AFB17C000358BD /* UIColor+Utils.swift in Sources */ = {isa = PBXBuildFile; fileRef = 20C2E54E29AFB17C000358BD /* UIColor+Utils.swift */; };
		20C2E55129AFB386000358BD /* SkeletonCell.swift in Sources */ = {isa = PBXBuildFile; fileRef = 20C2E55029AFB386000358BD /* SkeletonCell.swift */; };
		20C2E55429B0287E000358BD /* ProfileManager.swift in Sources */ = {isa = PBXBuildFile; fileRef = 20C2E55329B0287E000358BD /* ProfileManager.swift */; };
		20C2E55629B02B6F000358BD /* AccountSummaryViewControllerTests.swift in Sources */ = {isa = PBXBuildFile; fileRef = 20C2E55529B02B6F000358BD /* AccountSummaryViewControllerTests.swift */; };
		20C2E55829B02D19000358BD /* AccountManager.swift in Sources */ = {isa = PBXBuildFile; fileRef = 20C2E55729B02D19000358BD /* AccountManager.swift */; };
		20FE31A929AD594D00054E6C /* NSNotificationName.swift in Sources */ = {isa = PBXBuildFile; fileRef = 20FE31A829AD594D00054E6C /* NSNotificationName.swift */; };
		20FE31AB29AD5C0000054E6C /* UITextField+SecureToggle.swift in Sources */ = {isa = PBXBuildFile; fileRef = 20FE31AA29AD5C0000054E6C /* UITextField+SecureToggle.swift */; };
		20FF148329AEC65E00BD1239 /* Date+Utils.swift in Sources */ = {isa = PBXBuildFile; fileRef = 20FF148229AEC65E00BD1239 /* Date+Utils.swift */; };
		20FF148529AECBFC00BD1239 /* AccountSummaryViewController+Networking.swift in Sources */ = {isa = PBXBuildFile; fileRef = 20FF148429AECBFC00BD1239 /* AccountSummaryViewController+Networking.swift */; };
		20FF148929AEED1200BD1239 /* ProfileTests.swift in Sources */ = {isa = PBXBuildFile; fileRef = 20FF148829AEED1200BD1239 /* ProfileTests.swift */; };
		20FF148B29AEEF7100BD1239 /* AccountsTests.swift in Sources */ = {isa = PBXBuildFile; fileRef = 20FF148A29AEEF7100BD1239 /* AccountsTests.swift */; };
/* End PBXBuildFile section */

/* Begin PBXContainerItemProxy section */
		20B9397F29AC1611006ADA97 /* PBXContainerItemProxy */ = {
			isa = PBXContainerItemProxy;
			containerPortal = 20491FDA29A3CBA9007B44A8 /* Project object */;
			proxyType = 1;
			remoteGlobalIDString = 20491FE129A3CBA9007B44A8;
			remoteInfo = Bankey;
		};
/* End PBXContainerItemProxy section */

/* Begin PBXFileReference section */
		202B980E29A921F00039ED62 /* AccountSummaryCell.swift */ = {isa = PBXFileReference; lastKnownFileType = sourcecode.swift; path = AccountSummaryCell.swift; sourceTree = "<group>"; };
		20491FE229A3CBA9007B44A8 /* Bankey.app */ = {isa = PBXFileReference; explicitFileType = wrapper.application; includeInIndex = 0; path = Bankey.app; sourceTree = BUILT_PRODUCTS_DIR; };
		20491FE529A3CBA9007B44A8 /* AppDelegate.swift */ = {isa = PBXFileReference; lastKnownFileType = sourcecode.swift; path = AppDelegate.swift; sourceTree = "<group>"; };
		20491FE929A3CBA9007B44A8 /* LoginViewController.swift */ = {isa = PBXFileReference; lastKnownFileType = sourcecode.swift; path = LoginViewController.swift; sourceTree = "<group>"; };
		20491FEE29A3CBAA007B44A8 /* Assets.xcassets */ = {isa = PBXFileReference; lastKnownFileType = folder.assetcatalog; path = Assets.xcassets; sourceTree = "<group>"; };
		20491FF129A3CBAA007B44A8 /* Base */ = {isa = PBXFileReference; lastKnownFileType = file.storyboard; name = Base; path = Base.lproj/LaunchScreen.storyboard; sourceTree = "<group>"; };
		20491FF329A3CBAA007B44A8 /* Info.plist */ = {isa = PBXFileReference; lastKnownFileType = text.plist.xml; path = Info.plist; sourceTree = "<group>"; };
		20491FF929A3CBC4007B44A8 /* README.md */ = {isa = PBXFileReference; lastKnownFileType = net.daringfireball.markdown; path = README.md; sourceTree = "<group>"; };
		20491FFC29A3D5F3007B44A8 /* LoginView.swift */ = {isa = PBXFileReference; lastKnownFileType = sourcecode.swift; path = LoginView.swift; sourceTree = "<group>"; };
		2071B00929A520E7004A9118 /* OnboardingViewController.swift */ = {isa = PBXFileReference; lastKnownFileType = sourcecode.swift; path = OnboardingViewController.swift; sourceTree = "<group>"; };
		2071B00B29A666A6004A9118 /* DummyViewController.swift */ = {isa = PBXFileReference; lastKnownFileType = sourcecode.swift; path = DummyViewController.swift; sourceTree = "<group>"; };
		2071B00E29A676BB004A9118 /* LocalState.swift */ = {isa = PBXFileReference; lastKnownFileType = sourcecode.swift; path = LocalState.swift; sourceTree = "<group>"; };
		2071B01029A6A924004A9118 /* UIViewController+Utils.swift */ = {isa = PBXFileReference; lastKnownFileType = sourcecode.swift; path = "UIViewController+Utils.swift"; sourceTree = "<group>"; };
		2071B01229A6AA8C004A9118 /* MainViewController.swift */ = {isa = PBXFileReference; lastKnownFileType = sourcecode.swift; path = MainViewController.swift; sourceTree = "<group>"; };
		2088F77929AE58FE0028CCF9 /* ShakeyBellView.swift */ = {isa = PBXFileReference; lastKnownFileType = sourcecode.swift; path = ShakeyBellView.swift; sourceTree = "<group>"; };
		209B80CD29ABD56000E4EEAF /* Decimal+Utils.swift */ = {isa = PBXFileReference; lastKnownFileType = sourcecode.swift; path = "Decimal+Utils.swift"; sourceTree = "<group>"; };
		209B80CF29ABD5BF00E4EEAF /* CurrencyFormatter.swift */ = {isa = PBXFileReference; lastKnownFileType = sourcecode.swift; path = CurrencyFormatter.swift; sourceTree = "<group>"; };
		20A24C8A29B189C7009E33EA /* GoogleService-Info.plist */ = {isa = PBXFileReference; fileEncoding = 4; lastKnownFileType = text.plist.xml; path = "GoogleService-Info.plist"; sourceTree = "<group>"; };
		20A286A629A44A7400973A8F /* OnboardingContainerViewController.swift */ = {isa = PBXFileReference; lastKnownFileType = sourcecode.swift; path = OnboardingContainerViewController.swift; sourceTree = "<group>"; };
		20B9397B29AC1611006ADA97 /* BankeyUnitTests.xctest */ = {isa = PBXFileReference; explicitFileType = wrapper.cfbundle; includeInIndex = 0; path = BankeyUnitTests.xctest; sourceTree = BUILT_PRODUCTS_DIR; };
		20B9398429AC178E006ADA97 /* CurrencyFormatterTests.swift */ = {isa = PBXFileReference; lastKnownFileType = sourcecode.swift; path = CurrencyFormatterTests.swift; sourceTree = "<group>"; };
		20BA502C29A7FFF5002BE657 /* AccountSummaryViewController.swift */ = {isa = PBXFileReference; lastKnownFileType = sourcecode.swift; path = AccountSummaryViewController.swift; sourceTree = "<group>"; };
		20BA502E29A8056F002BE657 /* AccountSummaryHeaderView.swift */ = {isa = PBXFileReference; lastKnownFileType = sourcecode.swift; path = AccountSummaryHeaderView.swift; sourceTree = "<group>"; };
		20BA503029A805B6002BE657 /* AccountSummaryHeaderView.xib */ = {isa = PBXFileReference; lastKnownFileType = file.xib; path = AccountSummaryHeaderView.xib; sourceTree = "<group>"; };
		20C2E54C29AFB02F000358BD /* SkeletonLoadable.swift */ = {isa = PBXFileReference; lastKnownFileType = sourcecode.swift; path = SkeletonLoadable.swift; sourceTree = "<group>"; };
		20C2E54E29AFB17C000358BD /* UIColor+Utils.swift */ = {isa = PBXFileReference; lastKnownFileType = sourcecode.swift; path = "UIColor+Utils.swift"; sourceTree = "<group>"; };
		20C2E55029AFB386000358BD /* SkeletonCell.swift */ = {isa = PBXFileReference; lastKnownFileType = sourcecode.swift; path = SkeletonCell.swift; sourceTree = "<group>"; };
		20C2E55329B0287E000358BD /* ProfileManager.swift */ = {isa = PBXFileReference; lastKnownFileType = sourcecode.swift; path = ProfileManager.swift; sourceTree = "<group>"; };
		20C2E55529B02B6F000358BD /* AccountSummaryViewControllerTests.swift */ = {isa = PBXFileReference; lastKnownFileType = sourcecode.swift; path = AccountSummaryViewControllerTests.swift; sourceTree = "<group>"; };
		20C2E55729B02D19000358BD /* AccountManager.swift */ = {isa = PBXFileReference; lastKnownFileType = sourcecode.swift; path = AccountManager.swift; sourceTree = "<group>"; };
		20FE31A829AD594D00054E6C /* NSNotificationName.swift */ = {isa = PBXFileReference; lastKnownFileType = sourcecode.swift; path = NSNotificationName.swift; sourceTree = "<group>"; };
		20FE31AA29AD5C0000054E6C /* UITextField+SecureToggle.swift */ = {isa = PBXFileReference; lastKnownFileType = sourcecode.swift; path = "UITextField+SecureToggle.swift"; sourceTree = "<group>"; };
		20FF148229AEC65E00BD1239 /* Date+Utils.swift */ = {isa = PBXFileReference; lastKnownFileType = sourcecode.swift; path = "Date+Utils.swift"; sourceTree = "<group>"; };
		20FF148429AECBFC00BD1239 /* AccountSummaryViewController+Networking.swift */ = {isa = PBXFileReference; lastKnownFileType = sourcecode.swift; path = "AccountSummaryViewController+Networking.swift"; sourceTree = "<group>"; };
		20FF148829AEED1200BD1239 /* ProfileTests.swift */ = {isa = PBXFileReference; lastKnownFileType = sourcecode.swift; path = ProfileTests.swift; sourceTree = "<group>"; };
		20FF148A29AEEF7100BD1239 /* AccountsTests.swift */ = {isa = PBXFileReference; lastKnownFileType = sourcecode.swift; path = AccountsTests.swift; sourceTree = "<group>"; };
/* End PBXFileReference section */

/* Begin PBXFrameworksBuildPhase section */
		20491FDF29A3CBA9007B44A8 /* Frameworks */ = {
			isa = PBXFrameworksBuildPhase;
			buildActionMask = 2147483647;
			files = (
				20A24C8E29B18AF6009E33EA /* FirebaseAuth in Frameworks */,
				20A24C9029B18AF6009E33EA /* FirebaseFirestore in Frameworks */,
			);
			runOnlyForDeploymentPostprocessing = 0;
		};
		20B9397829AC1611006ADA97 /* Frameworks */ = {
			isa = PBXFrameworksBuildPhase;
			buildActionMask = 2147483647;
			files = (
			);
			runOnlyForDeploymentPostprocessing = 0;
		};
/* End PBXFrameworksBuildPhase section */

/* Begin PBXGroup section */
		202B980C29A9217B0039ED62 /* Header */ = {
			isa = PBXGroup;
			children = (
				20BA502E29A8056F002BE657 /* AccountSummaryHeaderView.swift */,
				20BA503029A805B6002BE657 /* AccountSummaryHeaderView.xib */,
			);
			path = Header;
			sourceTree = "<group>";
		};
		202B980D29A921A70039ED62 /* Cell */ = {
			isa = PBXGroup;
			children = (
				202B980E29A921F00039ED62 /* AccountSummaryCell.swift */,
				20C2E54C29AFB02F000358BD /* SkeletonLoadable.swift */,
				20C2E55029AFB386000358BD /* SkeletonCell.swift */,
			);
			path = Cell;
			sourceTree = "<group>";
		};
		20491FD929A3CBA9007B44A8 = {
			isa = PBXGroup;
			children = (
				20491FF929A3CBC4007B44A8 /* README.md */,
				20491FE429A3CBA9007B44A8 /* Bankey */,
				20B9397C29AC1611006ADA97 /* BankeyUnitTests */,
				20491FE329A3CBA9007B44A8 /* Products */,
			);
			sourceTree = "<group>";
		};
		20491FE329A3CBA9007B44A8 /* Products */ = {
			isa = PBXGroup;
			children = (
				20491FE229A3CBA9007B44A8 /* Bankey.app */,
				20B9397B29AC1611006ADA97 /* BankeyUnitTests.xctest */,
			);
			name = Products;
			sourceTree = "<group>";
		};
		20491FE429A3CBA9007B44A8 /* Bankey */ = {
			isa = PBXGroup;
			children = (
				20491FE529A3CBA9007B44A8 /* AppDelegate.swift */,
				2071B01229A6AA8C004A9118 /* MainViewController.swift */,
				20491FFB29A3D559007B44A8 /* Login */,
				20A286A529A44A3300973A8F /* Onboarding */,
				20BA502B29A7FFD0002BE657 /* AccountSummary */,
				2071B00D29A676AE004A9118 /* Utils */,
				2088F77829AE58DC0028CCF9 /* Components */,
				20491FFA29A3D50B007B44A8 /* Files */,
				20A24C8A29B189C7009E33EA /* GoogleService-Info.plist */,
			);
			path = Bankey;
			sourceTree = "<group>";
		};
		20491FFA29A3D50B007B44A8 /* Files */ = {
			isa = PBXGroup;
			children = (
				20491FEE29A3CBAA007B44A8 /* Assets.xcassets */,
				20491FF029A3CBAA007B44A8 /* LaunchScreen.storyboard */,
				20491FF329A3CBAA007B44A8 /* Info.plist */,
			);
			name = Files;
			sourceTree = "<group>";
		};
		20491FFB29A3D559007B44A8 /* Login */ = {
			isa = PBXGroup;
			children = (
				20491FE929A3CBA9007B44A8 /* LoginViewController.swift */,
				20491FFC29A3D5F3007B44A8 /* LoginView.swift */,
				2071B00B29A666A6004A9118 /* DummyViewController.swift */,
			);
			path = Login;
			sourceTree = "<group>";
		};
		2071B00D29A676AE004A9118 /* Utils */ = {
			isa = PBXGroup;
			children = (
				2071B01029A6A924004A9118 /* UIViewController+Utils.swift */,
				209B80CD29ABD56000E4EEAF /* Decimal+Utils.swift */,
				20FE31AA29AD5C0000054E6C /* UITextField+SecureToggle.swift */,
				2071B00E29A676BB004A9118 /* LocalState.swift */,
				209B80CF29ABD5BF00E4EEAF /* CurrencyFormatter.swift */,
				20FE31A829AD594D00054E6C /* NSNotificationName.swift */,
				20FF148229AEC65E00BD1239 /* Date+Utils.swift */,
				20C2E54E29AFB17C000358BD /* UIColor+Utils.swift */,
			);
			path = Utils;
			sourceTree = "<group>";
		};
		2088F77829AE58DC0028CCF9 /* Components */ = {
			isa = PBXGroup;
			children = (
				2088F77929AE58FE0028CCF9 /* ShakeyBellView.swift */,
			);
			path = Components;
			sourceTree = "<group>";
		};
		20A286A529A44A3300973A8F /* Onboarding */ = {
			isa = PBXGroup;
			children = (
				20A286A629A44A7400973A8F /* OnboardingContainerViewController.swift */,
				2071B00929A520E7004A9118 /* OnboardingViewController.swift */,
			);
			path = Onboarding;
			sourceTree = "<group>";
		};
		20B9397C29AC1611006ADA97 /* BankeyUnitTests */ = {
			isa = PBXGroup;
			children = (
				20FF148729AEEBDB00BD1239 /* AccountSummary */,
				20FF148629AEEBCD00BD1239 /* Utils */,
			);
			path = BankeyUnitTests;
			sourceTree = "<group>";
		};
		20BA502B29A7FFD0002BE657 /* AccountSummary */ = {
			isa = PBXGroup;
			children = (
				20BA502C29A7FFF5002BE657 /* AccountSummaryViewController.swift */,
				20FF148429AECBFC00BD1239 /* AccountSummaryViewController+Networking.swift */,
				202B980C29A9217B0039ED62 /* Header */,
				202B980D29A921A70039ED62 /* Cell */,
				20C2E55229B02865000358BD /* Networking */,
			);
			path = AccountSummary;
			sourceTree = "<group>";
		};
		20C2E55229B02865000358BD /* Networking */ = {
			isa = PBXGroup;
			children = (
				20C2E55329B0287E000358BD /* ProfileManager.swift */,
				20C2E55729B02D19000358BD /* AccountManager.swift */,
			);
			path = Networking;
			sourceTree = "<group>";
		};
		20FF148629AEEBCD00BD1239 /* Utils */ = {
			isa = PBXGroup;
			children = (
				20B9398429AC178E006ADA97 /* CurrencyFormatterTests.swift */,
			);
			path = Utils;
			sourceTree = "<group>";
		};
		20FF148729AEEBDB00BD1239 /* AccountSummary */ = {
			isa = PBXGroup;
			children = (
				20FF148829AEED1200BD1239 /* ProfileTests.swift */,
				20FF148A29AEEF7100BD1239 /* AccountsTests.swift */,
				20C2E55529B02B6F000358BD /* AccountSummaryViewControllerTests.swift */,
			);
			path = AccountSummary;
			sourceTree = "<group>";
		};
/* End PBXGroup section */

/* Begin PBXNativeTarget section */
		20491FE129A3CBA9007B44A8 /* Bankey */ = {
			isa = PBXNativeTarget;
			buildConfigurationList = 20491FF629A3CBAA007B44A8 /* Build configuration list for PBXNativeTarget "Bankey" */;
			buildPhases = (
				20491FDE29A3CBA9007B44A8 /* Sources */,
				20491FDF29A3CBA9007B44A8 /* Frameworks */,
				20491FE029A3CBA9007B44A8 /* Resources */,
			);
			buildRules = (
			);
			dependencies = (
			);
			name = Bankey;
			packageProductDependencies = (
				20A24C8D29B18AF6009E33EA /* FirebaseAuth */,
				20A24C8F29B18AF6009E33EA /* FirebaseFirestore */,
			);
			productName = Bankey;
			productReference = 20491FE229A3CBA9007B44A8 /* Bankey.app */;
			productType = "com.apple.product-type.application";
		};
		20B9397A29AC1611006ADA97 /* BankeyUnitTests */ = {
			isa = PBXNativeTarget;
			buildConfigurationList = 20B9398329AC1611006ADA97 /* Build configuration list for PBXNativeTarget "BankeyUnitTests" */;
			buildPhases = (
				20B9397729AC1611006ADA97 /* Sources */,
				20B9397829AC1611006ADA97 /* Frameworks */,
				20B9397929AC1611006ADA97 /* Resources */,
			);
			buildRules = (
			);
			dependencies = (
				20B9398029AC1611006ADA97 /* PBXTargetDependency */,
			);
			name = BankeyUnitTests;
			productName = BankeyUnitTests;
			productReference = 20B9397B29AC1611006ADA97 /* BankeyUnitTests.xctest */;
			productType = "com.apple.product-type.bundle.unit-test";
		};
/* End PBXNativeTarget section */

/* Begin PBXProject section */
		20491FDA29A3CBA9007B44A8 /* Project object */ = {
			isa = PBXProject;
			attributes = {
				BuildIndependentTargetsInParallel = 1;
				LastSwiftUpdateCheck = 1420;
				LastUpgradeCheck = 1420;
				TargetAttributes = {
					20491FE129A3CBA9007B44A8 = {
						CreatedOnToolsVersion = 14.2;
					};
					20B9397A29AC1611006ADA97 = {
						CreatedOnToolsVersion = 14.2;
						LastSwiftMigration = 1420;
						TestTargetID = 20491FE129A3CBA9007B44A8;
					};
				};
			};
			buildConfigurationList = 20491FDD29A3CBA9007B44A8 /* Build configuration list for PBXProject "Bankey" */;
			compatibilityVersion = "Xcode 14.0";
			developmentRegion = en;
			hasScannedForEncodings = 0;
			knownRegions = (
				en,
				Base,
			);
			mainGroup = 20491FD929A3CBA9007B44A8;
			packageReferences = (
				20A24C8C29B18AF6009E33EA /* XCRemoteSwiftPackageReference "firebase-ios-sdk" */,
			);
			productRefGroup = 20491FE329A3CBA9007B44A8 /* Products */;
			projectDirPath = "";
			projectRoot = "";
			targets = (
				20491FE129A3CBA9007B44A8 /* Bankey */,
				20B9397A29AC1611006ADA97 /* BankeyUnitTests */,
			);
		};
/* End PBXProject section */

/* Begin PBXResourcesBuildPhase section */
		20491FE029A3CBA9007B44A8 /* Resources */ = {
			isa = PBXResourcesBuildPhase;
			buildActionMask = 2147483647;
			files = (
				20BA503129A805B6002BE657 /* AccountSummaryHeaderView.xib in Resources */,
				20A24C8B29B189C7009E33EA /* GoogleService-Info.plist in Resources */,
				20491FF229A3CBAA007B44A8 /* LaunchScreen.storyboard in Resources */,
				20491FEF29A3CBAA007B44A8 /* Assets.xcassets in Resources */,
			);
			runOnlyForDeploymentPostprocessing = 0;
		};
		20B9397929AC1611006ADA97 /* Resources */ = {
			isa = PBXResourcesBuildPhase;
			buildActionMask = 2147483647;
			files = (
			);
			runOnlyForDeploymentPostprocessing = 0;
		};
/* End PBXResourcesBuildPhase section */

/* Begin PBXSourcesBuildPhase section */
		20491FDE29A3CBA9007B44A8 /* Sources */ = {
			isa = PBXSourcesBuildPhase;
			buildActionMask = 2147483647;
			files = (
				2071B01129A6A924004A9118 /* UIViewController+Utils.swift in Sources */,
				20FF148329AEC65E00BD1239 /* Date+Utils.swift in Sources */,
				20491FFD29A3D5F3007B44A8 /* LoginView.swift in Sources */,
				2071B00F29A676BB004A9118 /* LocalState.swift in Sources */,
				209B80CE29ABD56000E4EEAF /* Decimal+Utils.swift in Sources */,
				20FE31AB29AD5C0000054E6C /* UITextField+SecureToggle.swift in Sources */,
				20C2E55429B0287E000358BD /* ProfileManager.swift in Sources */,
				20C2E54F29AFB17C000358BD /* UIColor+Utils.swift in Sources */,
				20BA502F29A8056F002BE657 /* AccountSummaryHeaderView.swift in Sources */,
				209B80D029ABD5BF00E4EEAF /* CurrencyFormatter.swift in Sources */,
				2071B00C29A666A6004A9118 /* DummyViewController.swift in Sources */,
				20FE31A929AD594D00054E6C /* NSNotificationName.swift in Sources */,
				20491FEA29A3CBA9007B44A8 /* LoginViewController.swift in Sources */,
				2088F77A29AE58FE0028CCF9 /* ShakeyBellView.swift in Sources */,
				202B980F29A921F00039ED62 /* AccountSummaryCell.swift in Sources */,
				2071B00A29A520E7004A9118 /* OnboardingViewController.swift in Sources */,
				2071B01329A6AA8C004A9118 /* MainViewController.swift in Sources */,
				20C2E55129AFB386000358BD /* SkeletonCell.swift in Sources */,
				20BA502D29A7FFF5002BE657 /* AccountSummaryViewController.swift in Sources */,
				20491FE629A3CBA9007B44A8 /* AppDelegate.swift in Sources */,
				20A286A729A44A7400973A8F /* OnboardingContainerViewController.swift in Sources */,
				20C2E54D29AFB02F000358BD /* SkeletonLoadable.swift in Sources */,
				20FF148529AECBFC00BD1239 /* AccountSummaryViewController+Networking.swift in Sources */,
				20C2E55829B02D19000358BD /* AccountManager.swift in Sources */,
			);
			runOnlyForDeploymentPostprocessing = 0;
		};
		20B9397729AC1611006ADA97 /* Sources */ = {
			isa = PBXSourcesBuildPhase;
			buildActionMask = 2147483647;
			files = (
				20FF148B29AEEF7100BD1239 /* AccountsTests.swift in Sources */,
				20B9398529AC178E006ADA97 /* CurrencyFormatterTests.swift in Sources */,
				20FF148929AEED1200BD1239 /* ProfileTests.swift in Sources */,
				20C2E55629B02B6F000358BD /* AccountSummaryViewControllerTests.swift in Sources */,
			);
			runOnlyForDeploymentPostprocessing = 0;
		};
/* End PBXSourcesBuildPhase section */

/* Begin PBXTargetDependency section */
		20B9398029AC1611006ADA97 /* PBXTargetDependency */ = {
			isa = PBXTargetDependency;
			target = 20491FE129A3CBA9007B44A8 /* Bankey */;
			targetProxy = 20B9397F29AC1611006ADA97 /* PBXContainerItemProxy */;
		};
/* End PBXTargetDependency section */

/* Begin PBXVariantGroup section */
		20491FF029A3CBAA007B44A8 /* LaunchScreen.storyboard */ = {
			isa = PBXVariantGroup;
			children = (
				20491FF129A3CBAA007B44A8 /* Base */,
			);
			name = LaunchScreen.storyboard;
			sourceTree = "<group>";
		};
/* End PBXVariantGroup section */

/* Begin XCBuildConfiguration section */
		20491FF429A3CBAA007B44A8 /* Debug */ = {
			isa = XCBuildConfiguration;
			buildSettings = {
				ALWAYS_SEARCH_USER_PATHS = NO;
				CLANG_ANALYZER_NONNULL = YES;
				CLANG_ANALYZER_NUMBER_OBJECT_CONVERSION = YES_AGGRESSIVE;
				CLANG_CXX_LANGUAGE_STANDARD = "gnu++20";
				CLANG_ENABLE_MODULES = YES;
				CLANG_ENABLE_OBJC_ARC = YES;
				CLANG_ENABLE_OBJC_WEAK = YES;
				CLANG_WARN_BLOCK_CAPTURE_AUTORELEASING = YES;
				CLANG_WARN_BOOL_CONVERSION = YES;
				CLANG_WARN_COMMA = YES;
				CLANG_WARN_CONSTANT_CONVERSION = YES;
				CLANG_WARN_DEPRECATED_OBJC_IMPLEMENTATIONS = YES;
				CLANG_WARN_DIRECT_OBJC_ISA_USAGE = YES_ERROR;
				CLANG_WARN_DOCUMENTATION_COMMENTS = YES;
				CLANG_WARN_EMPTY_BODY = YES;
				CLANG_WARN_ENUM_CONVERSION = YES;
				CLANG_WARN_INFINITE_RECURSION = YES;
				CLANG_WARN_INT_CONVERSION = YES;
				CLANG_WARN_NON_LITERAL_NULL_CONVERSION = YES;
				CLANG_WARN_OBJC_IMPLICIT_RETAIN_SELF = YES;
				CLANG_WARN_OBJC_LITERAL_CONVERSION = YES;
				CLANG_WARN_OBJC_ROOT_CLASS = YES_ERROR;
				CLANG_WARN_QUOTED_INCLUDE_IN_FRAMEWORK_HEADER = YES;
				CLANG_WARN_RANGE_LOOP_ANALYSIS = YES;
				CLANG_WARN_STRICT_PROTOTYPES = YES;
				CLANG_WARN_SUSPICIOUS_MOVE = YES;
				CLANG_WARN_UNGUARDED_AVAILABILITY = YES_AGGRESSIVE;
				CLANG_WARN_UNREACHABLE_CODE = YES;
				CLANG_WARN__DUPLICATE_METHOD_MATCH = YES;
				COPY_PHASE_STRIP = NO;
				DEBUG_INFORMATION_FORMAT = dwarf;
				ENABLE_STRICT_OBJC_MSGSEND = YES;
				ENABLE_TESTABILITY = YES;
				GCC_C_LANGUAGE_STANDARD = gnu11;
				GCC_DYNAMIC_NO_PIC = NO;
				GCC_NO_COMMON_BLOCKS = YES;
				GCC_OPTIMIZATION_LEVEL = 0;
				GCC_PREPROCESSOR_DEFINITIONS = (
					"DEBUG=1",
					"$(inherited)",
				);
				GCC_WARN_64_TO_32_BIT_CONVERSION = YES;
				GCC_WARN_ABOUT_RETURN_TYPE = YES_ERROR;
				GCC_WARN_UNDECLARED_SELECTOR = YES;
				GCC_WARN_UNINITIALIZED_AUTOS = YES_AGGRESSIVE;
				GCC_WARN_UNUSED_FUNCTION = YES;
				GCC_WARN_UNUSED_VARIABLE = YES;
				IPHONEOS_DEPLOYMENT_TARGET = 16.2;
				MTL_ENABLE_DEBUG_INFO = INCLUDE_SOURCE;
				MTL_FAST_MATH = YES;
				ONLY_ACTIVE_ARCH = YES;
				SDKROOT = iphoneos;
				SWIFT_ACTIVE_COMPILATION_CONDITIONS = DEBUG;
				SWIFT_OPTIMIZATION_LEVEL = "-Onone";
			};
			name = Debug;
		};
		20491FF529A3CBAA007B44A8 /* Release */ = {
			isa = XCBuildConfiguration;
			buildSettings = {
				ALWAYS_SEARCH_USER_PATHS = NO;
				CLANG_ANALYZER_NONNULL = YES;
				CLANG_ANALYZER_NUMBER_OBJECT_CONVERSION = YES_AGGRESSIVE;
				CLANG_CXX_LANGUAGE_STANDARD = "gnu++20";
				CLANG_ENABLE_MODULES = YES;
				CLANG_ENABLE_OBJC_ARC = YES;
				CLANG_ENABLE_OBJC_WEAK = YES;
				CLANG_WARN_BLOCK_CAPTURE_AUTORELEASING = YES;
				CLANG_WARN_BOOL_CONVERSION = YES;
				CLANG_WARN_COMMA = YES;
				CLANG_WARN_CONSTANT_CONVERSION = YES;
				CLANG_WARN_DEPRECATED_OBJC_IMPLEMENTATIONS = YES;
				CLANG_WARN_DIRECT_OBJC_ISA_USAGE = YES_ERROR;
				CLANG_WARN_DOCUMENTATION_COMMENTS = YES;
				CLANG_WARN_EMPTY_BODY = YES;
				CLANG_WARN_ENUM_CONVERSION = YES;
				CLANG_WARN_INFINITE_RECURSION = YES;
				CLANG_WARN_INT_CONVERSION = YES;
				CLANG_WARN_NON_LITERAL_NULL_CONVERSION = YES;
				CLANG_WARN_OBJC_IMPLICIT_RETAIN_SELF = YES;
				CLANG_WARN_OBJC_LITERAL_CONVERSION = YES;
				CLANG_WARN_OBJC_ROOT_CLASS = YES_ERROR;
				CLANG_WARN_QUOTED_INCLUDE_IN_FRAMEWORK_HEADER = YES;
				CLANG_WARN_RANGE_LOOP_ANALYSIS = YES;
				CLANG_WARN_STRICT_PROTOTYPES = YES;
				CLANG_WARN_SUSPICIOUS_MOVE = YES;
				CLANG_WARN_UNGUARDED_AVAILABILITY = YES_AGGRESSIVE;
				CLANG_WARN_UNREACHABLE_CODE = YES;
				CLANG_WARN__DUPLICATE_METHOD_MATCH = YES;
				COPY_PHASE_STRIP = NO;
				DEBUG_INFORMATION_FORMAT = "dwarf-with-dsym";
				ENABLE_NS_ASSERTIONS = NO;
				ENABLE_STRICT_OBJC_MSGSEND = YES;
				GCC_C_LANGUAGE_STANDARD = gnu11;
				GCC_NO_COMMON_BLOCKS = YES;
				GCC_WARN_64_TO_32_BIT_CONVERSION = YES;
				GCC_WARN_ABOUT_RETURN_TYPE = YES_ERROR;
				GCC_WARN_UNDECLARED_SELECTOR = YES;
				GCC_WARN_UNINITIALIZED_AUTOS = YES_AGGRESSIVE;
				GCC_WARN_UNUSED_FUNCTION = YES;
				GCC_WARN_UNUSED_VARIABLE = YES;
				IPHONEOS_DEPLOYMENT_TARGET = 16.2;
				MTL_ENABLE_DEBUG_INFO = NO;
				MTL_FAST_MATH = YES;
				SDKROOT = iphoneos;
				SWIFT_COMPILATION_MODE = wholemodule;
				SWIFT_OPTIMIZATION_LEVEL = "-O";
				VALIDATE_PRODUCT = YES;
			};
			name = Release;
		};
		20491FF729A3CBAA007B44A8 /* Debug */ = {
			isa = XCBuildConfiguration;
			buildSettings = {
				ASSETCATALOG_COMPILER_APPICON_NAME = AppIcon;
				ASSETCATALOG_COMPILER_GLOBAL_ACCENT_COLOR_NAME = AccentColor;
				CODE_SIGN_STYLE = Automatic;
				CURRENT_PROJECT_VERSION = 1;
				DEVELOPMENT_TEAM = DZDWNPN8YP;
				GENERATE_INFOPLIST_FILE = YES;
				INFOPLIST_FILE = Bankey/Info.plist;
				INFOPLIST_KEY_UIApplicationSupportsIndirectInputEvents = YES;
				INFOPLIST_KEY_UILaunchStoryboardName = LaunchScreen;
				INFOPLIST_KEY_UISupportedInterfaceOrientations_iPad = "UIInterfaceOrientationPortrait UIInterfaceOrientationPortraitUpsideDown UIInterfaceOrientationLandscapeLeft UIInterfaceOrientationLandscapeRight";
				INFOPLIST_KEY_UISupportedInterfaceOrientations_iPhone = "UIInterfaceOrientationPortrait UIInterfaceOrientationLandscapeLeft UIInterfaceOrientationLandscapeRight";
				LD_RUNPATH_SEARCH_PATHS = (
					"$(inherited)",
					"@executable_path/Frameworks",
				);
				MARKETING_VERSION = 1.0;
				PRODUCT_BUNDLE_IDENTIFIER = com.eacardenase.Bankey;
				PRODUCT_NAME = "$(TARGET_NAME)";
				SWIFT_EMIT_LOC_STRINGS = YES;
				SWIFT_VERSION = 5.0;
				TARGETED_DEVICE_FAMILY = "1,2";
			};
			name = Debug;
		};
		20491FF829A3CBAA007B44A8 /* Release */ = {
			isa = XCBuildConfiguration;
			buildSettings = {
				ASSETCATALOG_COMPILER_APPICON_NAME = AppIcon;
				ASSETCATALOG_COMPILER_GLOBAL_ACCENT_COLOR_NAME = AccentColor;
				CODE_SIGN_STYLE = Automatic;
				CURRENT_PROJECT_VERSION = 1;
				DEVELOPMENT_TEAM = DZDWNPN8YP;
				GENERATE_INFOPLIST_FILE = YES;
				INFOPLIST_FILE = Bankey/Info.plist;
				INFOPLIST_KEY_UIApplicationSupportsIndirectInputEvents = YES;
				INFOPLIST_KEY_UILaunchStoryboardName = LaunchScreen;
				INFOPLIST_KEY_UISupportedInterfaceOrientations_iPad = "UIInterfaceOrientationPortrait UIInterfaceOrientationPortraitUpsideDown UIInterfaceOrientationLandscapeLeft UIInterfaceOrientationLandscapeRight";
				INFOPLIST_KEY_UISupportedInterfaceOrientations_iPhone = "UIInterfaceOrientationPortrait UIInterfaceOrientationLandscapeLeft UIInterfaceOrientationLandscapeRight";
				LD_RUNPATH_SEARCH_PATHS = (
					"$(inherited)",
					"@executable_path/Frameworks",
				);
				MARKETING_VERSION = 1.0;
				PRODUCT_BUNDLE_IDENTIFIER = com.eacardenase.Bankey;
				PRODUCT_NAME = "$(TARGET_NAME)";
				SWIFT_EMIT_LOC_STRINGS = YES;
				SWIFT_VERSION = 5.0;
				TARGETED_DEVICE_FAMILY = "1,2";
			};
			name = Release;
		};
		20B9398129AC1611006ADA97 /* Debug */ = {
			isa = XCBuildConfiguration;
			buildSettings = {
				BUNDLE_LOADER = "$(TEST_HOST)";
				CLANG_ENABLE_MODULES = YES;
				CODE_SIGN_STYLE = Automatic;
				CURRENT_PROJECT_VERSION = 1;
				DEVELOPMENT_TEAM = DZDWNPN8YP;
				GENERATE_INFOPLIST_FILE = YES;
				LD_RUNPATH_SEARCH_PATHS = (
					"$(inherited)",
					"@executable_path/Frameworks",
					"@loader_path/Frameworks",
				);
				MARKETING_VERSION = 1.0;
				PRODUCT_BUNDLE_IDENTIFIER = com.eacardenase.BankeyUnitTests;
				PRODUCT_NAME = "$(TARGET_NAME)";
				SWIFT_EMIT_LOC_STRINGS = NO;
				SWIFT_OPTIMIZATION_LEVEL = "-Onone";
				SWIFT_VERSION = 5.0;
				TARGETED_DEVICE_FAMILY = "1,2";
				TEST_HOST = "$(BUILT_PRODUCTS_DIR)/Bankey.app/$(BUNDLE_EXECUTABLE_FOLDER_PATH)/Bankey";
			};
			name = Debug;
		};
		20B9398229AC1611006ADA97 /* Release */ = {
			isa = XCBuildConfiguration;
			buildSettings = {
				BUNDLE_LOADER = "$(TEST_HOST)";
				CLANG_ENABLE_MODULES = YES;
				CODE_SIGN_STYLE = Automatic;
				CURRENT_PROJECT_VERSION = 1;
				DEVELOPMENT_TEAM = DZDWNPN8YP;
				GENERATE_INFOPLIST_FILE = YES;
				LD_RUNPATH_SEARCH_PATHS = (
					"$(inherited)",
					"@executable_path/Frameworks",
					"@loader_path/Frameworks",
				);
				MARKETING_VERSION = 1.0;
				PRODUCT_BUNDLE_IDENTIFIER = com.eacardenase.BankeyUnitTests;
				PRODUCT_NAME = "$(TARGET_NAME)";
				SWIFT_EMIT_LOC_STRINGS = NO;
				SWIFT_VERSION = 5.0;
				TARGETED_DEVICE_FAMILY = "1,2";
				TEST_HOST = "$(BUILT_PRODUCTS_DIR)/Bankey.app/$(BUNDLE_EXECUTABLE_FOLDER_PATH)/Bankey";
			};
			name = Release;
		};
/* End XCBuildConfiguration section */

/* Begin XCConfigurationList section */
		20491FDD29A3CBA9007B44A8 /* Build configuration list for PBXProject "Bankey" */ = {
			isa = XCConfigurationList;
			buildConfigurations = (
				20491FF429A3CBAA007B44A8 /* Debug */,
				20491FF529A3CBAA007B44A8 /* Release */,
			);
			defaultConfigurationIsVisible = 0;
			defaultConfigurationName = Release;
		};
		20491FF629A3CBAA007B44A8 /* Build configuration list for PBXNativeTarget "Bankey" */ = {
			isa = XCConfigurationList;
			buildConfigurations = (
				20491FF729A3CBAA007B44A8 /* Debug */,
				20491FF829A3CBAA007B44A8 /* Release */,
			);
			defaultConfigurationIsVisible = 0;
			defaultConfigurationName = Release;
		};
		20B9398329AC1611006ADA97 /* Build configuration list for PBXNativeTarget "BankeyUnitTests" */ = {
			isa = XCConfigurationList;
			buildConfigurations = (
				20B9398129AC1611006ADA97 /* Debug */,
				20B9398229AC1611006ADA97 /* Release */,
			);
			defaultConfigurationIsVisible = 0;
			defaultConfigurationName = Release;
		};
/* End XCConfigurationList section */

/* Begin XCRemoteSwiftPackageReference section */
		20A24C8C29B18AF6009E33EA /* XCRemoteSwiftPackageReference "firebase-ios-sdk" */ = {
			isa = XCRemoteSwiftPackageReference;
			repositoryURL = "https://github.com/firebase/firebase-ios-sdk";
			requirement = {
				kind = upToNextMajorVersion;
				minimumVersion = 9.0.0;
			};
		};
/* End XCRemoteSwiftPackageReference section */

/* Begin XCSwiftPackageProductDependency section */
		20A24C8D29B18AF6009E33EA /* FirebaseAuth */ = {
			isa = XCSwiftPackageProductDependency;
			package = 20A24C8C29B18AF6009E33EA /* XCRemoteSwiftPackageReference "firebase-ios-sdk" */;
			productName = FirebaseAuth;
		};
		20A24C8F29B18AF6009E33EA /* FirebaseFirestore */ = {
			isa = XCSwiftPackageProductDependency;
			package = 20A24C8C29B18AF6009E33EA /* XCRemoteSwiftPackageReference "firebase-ios-sdk" */;
			productName = FirebaseFirestore;
		};
/* End XCSwiftPackageProductDependency section */
	};
	rootObject = 20491FDA29A3CBA9007B44A8 /* Project object */;
}
